
Microsoft Visual Studio Solution File, Format Version 12.00
# Visual Studio Version 17
VisualStudioVersion = 17.5.33414.496
MinimumVisualStudioVersion = 10.0.40219.1
Project("{FAE04EC0-301F-11D3-BF4B-00C04F79EFBC}") = "UKE-api", "UKE-api.csproj", "{58075082-97B5-4402-B467-AB2437945B18}"
EndProject
Project("{FAE04EC0-301F-11D3-BF4B-00C04F79EFBC}") = "UKEUnitTests", "..\UKEUnitTests\UKEUnitTests.csproj", "{154DD561-E13B-4DDE-B27E-54E885404390}"
EndProject
Global
	GlobalSection(SolutionConfigurationPlatforms) = preSolution
		Debug|Any CPU = Debug|Any CPU
		Release|Any CPU = Release|Any CPU
	EndGlobalSection
	GlobalSection(ProjectConfigurationPlatforms) = postSolution
		{58075082-97B5-4402-B467-AB2437945B18}.Debug|Any CPU.ActiveCfg = Debug|Any CPU
		{58075082-97B5-4402-B467-AB2437945B18}.Debug|Any CPU.Build.0 = Debug|Any CPU
		{58075082-97B5-4402-B467-AB2437945B18}.Release|Any CPU.ActiveCfg = Release|Any CPU
		{58075082-97B5-4402-B467-AB2437945B18}.Release|Any CPU.Build.0 = Release|Any CPU
		{154DD561-E13B-4DDE-B27E-54E885404390}.Debug|Any CPU.ActiveCfg = Debug|Any CPU
		{154DD561-E13B-4DDE-B27E-54E885404390}.Debug|Any CPU.Build.0 = Debug|Any CPU
		{154DD561-E13B-4DDE-B27E-54E885404390}.Release|Any CPU.ActiveCfg = Release|Any CPU
		{154DD561-E13B-4DDE-B27E-54E885404390}.Release|Any CPU.Build.0 = Release|Any CPU
	EndGlobalSection
	GlobalSection(SolutionProperties) = preSolution
		HideSolutionNode = FALSE
	EndGlobalSection
	GlobalSection(ExtensibilityGlobals) = postSolution
		SolutionGuid = {CD8FBADB-091C-4721-BDB7-663C43A89F43}
	EndGlobalSection
EndGlobal
