
Microsoft Visual Studio Solution File, Format Version 12.00
# Visual Studio Version 17
VisualStudioVersion = 17.5.33414.496
MinimumVisualStudioVersion = 10.0.40219.1
Project("{9A19103F-16F7-4668-BE54-9A1E7A4F7556}") = "UKE-api", "UKE-api.csproj", "{58075082-97B5-4402-B467-AB2437945B18}"
EndProject
Project("{FAE04EC0-301F-11D3-BF4B-00C04F79EFBC}") = "UKE-xunit", "..\UKE-xunit\UKE-xunit.csproj", "{2EF87184-3D7F-49B8-A3A1-0F719F325AC3}"
EndProject
Global
	GlobalSection(SolutionConfigurationPlatforms) = preSolution
		Debug|Any CPU = Debug|Any CPU
		Release|Any CPU = Release|Any CPU
	EndGlobalSection
	GlobalSection(ProjectConfigurationPlatforms) = postSolution
		{58075082-97B5-4402-B467-AB2437945B18}.Debug|Any CPU.ActiveCfg = Debug|Any CPU
		{58075082-97B5-4402-B467-AB2437945B18}.Debug|Any CPU.Build.0 = Debug|Any CPU
		{58075082-97B5-4402-B467-AB2437945B18}.Release|Any CPU.ActiveCfg = Release|Any CPU
		{58075082-97B5-4402-B467-AB2437945B18}.Release|Any CPU.Build.0 = Release|Any CPU
		{2EF87184-3D7F-49B8-A3A1-0F719F325AC3}.Debug|Any CPU.ActiveCfg = Debug|Any CPU
		{2EF87184-3D7F-49B8-A3A1-0F719F325AC3}.Debug|Any CPU.Build.0 = Debug|Any CPU
		{2EF87184-3D7F-49B8-A3A1-0F719F325AC3}.Release|Any CPU.ActiveCfg = Release|Any CPU
		{2EF87184-3D7F-49B8-A3A1-0F719F325AC3}.Release|Any CPU.Build.0 = Release|Any CPU
	EndGlobalSection
	GlobalSection(SolutionProperties) = preSolution
		HideSolutionNode = FALSE
	EndGlobalSection
	GlobalSection(ExtensibilityGlobals) = postSolution
		SolutionGuid = {CD8FBADB-091C-4721-BDB7-663C43A89F43}
	EndGlobalSection
EndGlobal
